
Microsoft Visual Studio Solution File, Format Version 12.00
# Visual Studio Version 17
VisualStudioVersion = 17.1.32328.378
MinimumVisualStudioVersion = 10.0.40219.1
Project("{FAE04EC0-301F-11D3-BF4B-00C04F79EFBC}") = "csharp-oop-shop-2", "csharp-oop-shop-2\csharp-oop-shop-2.csproj", "{960BEAAF-5A43-49E6-92AB-CD4ED38BDDD8}"
EndProject
Global
	GlobalSection(SolutionConfigurationPlatforms) = preSolution
		Debug|Any CPU = Debug|Any CPU
		Release|Any CPU = Release|Any CPU
	EndGlobalSection
	GlobalSection(ProjectConfigurationPlatforms) = postSolution
		{960BEAAF-5A43-49E6-92AB-CD4ED38BDDD8}.Debug|Any CPU.ActiveCfg = Debug|Any CPU
		{960BEAAF-5A43-49E6-92AB-CD4ED38BDDD8}.Debug|Any CPU.Build.0 = Debug|Any CPU
		{960BEAAF-5A43-49E6-92AB-CD4ED38BDDD8}.Release|Any CPU.ActiveCfg = Release|Any CPU
		{960BEAAF-5A43-49E6-92AB-CD4ED38BDDD8}.Release|Any CPU.Build.0 = Release|Any CPU
	EndGlobalSection
	GlobalSection(SolutionProperties) = preSolution
		HideSolutionNode = FALSE
	EndGlobalSection
	GlobalSection(ExtensibilityGlobals) = postSolution
		SolutionGuid = {E94BCC48-6488-41C7-AC17-210E8738B5C5}
	EndGlobalSection
EndGlobal
